
Microsoft Visual Studio Solution File, Format Version 12.00
# Visual Studio Version 16
VisualStudioVersion = 16.0.29503.13
MinimumVisualStudioVersion = 10.0.40219.1
Project("{9A19103F-16F7-4668-BE54-9A1E7A4F7556}") = "PaymentService", "PaymentService\PaymentService.csproj", "{7F147318-CFE7-4422-BD82-216534628B73}"
EndProject
Project("{9A19103F-16F7-4668-BE54-9A1E7A4F7556}") = "PaymentApp2", "PaymentApp2\PaymentApp2.csproj", "{FBF682AC-6761-4BE7-8F0E-CA70A93C358E}"
EndProject
Project("{FAE04EC0-301F-11D3-BF4B-00C04F79EFBC}") = "PaymentAPI", "PaymentAPI\PaymentAPI.csproj", "{B171E8FD-B86C-4FCF-96B9-2E42A859746C}"
EndProject
Global
	GlobalSection(SolutionConfigurationPlatforms) = preSolution
		Debug|Any CPU = Debug|Any CPU
		Release|Any CPU = Release|Any CPU
	EndGlobalSection
	GlobalSection(ProjectConfigurationPlatforms) = postSolution
		{7F147318-CFE7-4422-BD82-216534628B73}.Debug|Any CPU.ActiveCfg = Debug|Any CPU
		{7F147318-CFE7-4422-BD82-216534628B73}.Debug|Any CPU.Build.0 = Debug|Any CPU
		{7F147318-CFE7-4422-BD82-216534628B73}.Release|Any CPU.ActiveCfg = Release|Any CPU
		{7F147318-CFE7-4422-BD82-216534628B73}.Release|Any CPU.Build.0 = Release|Any CPU
		{FBF682AC-6761-4BE7-8F0E-CA70A93C358E}.Debug|Any CPU.ActiveCfg = Debug|Any CPU
		{FBF682AC-6761-4BE7-8F0E-CA70A93C358E}.Debug|Any CPU.Build.0 = Debug|Any CPU
		{FBF682AC-6761-4BE7-8F0E-CA70A93C358E}.Release|Any CPU.ActiveCfg = Release|Any CPU
		{FBF682AC-6761-4BE7-8F0E-CA70A93C358E}.Release|Any CPU.Build.0 = Release|Any CPU
		{B171E8FD-B86C-4FCF-96B9-2E42A859746C}.Debug|Any CPU.ActiveCfg = Debug|Any CPU
		{B171E8FD-B86C-4FCF-96B9-2E42A859746C}.Debug|Any CPU.Build.0 = Debug|Any CPU
		{B171E8FD-B86C-4FCF-96B9-2E42A859746C}.Release|Any CPU.ActiveCfg = Release|Any CPU
		{B171E8FD-B86C-4FCF-96B9-2E42A859746C}.Release|Any CPU.Build.0 = Release|Any CPU
	EndGlobalSection
	GlobalSection(SolutionProperties) = preSolution
		HideSolutionNode = FALSE
	EndGlobalSection
	GlobalSection(ExtensibilityGlobals) = postSolution
		SolutionGuid = {3B0CB62D-14D8-4F8D-AF81-CECC9A108A1D}
	EndGlobalSection
EndGlobal
